// !$*UTF8*$!
{
	archiveVersion = 1;
	classes = {
	};
	objectVersion = 50;
	objects = {

/* Begin PBXBuildFile section */
		846B2CEF23DDC3D7008C3F70 /* AppDelegate.swift in Sources */ = {isa = PBXBuildFile; fileRef = 846B2CEE23DDC3D7008C3F70 /* AppDelegate.swift */; };
		846B2CF123DDC3D7008C3F70 /* SceneDelegate.swift in Sources */ = {isa = PBXBuildFile; fileRef = 846B2CF023DDC3D7008C3F70 /* SceneDelegate.swift */; };
		846B2CF323DDC3D7008C3F70 /* ViewController.swift in Sources */ = {isa = PBXBuildFile; fileRef = 846B2CF223DDC3D7008C3F70 /* ViewController.swift */; };
		846B2CF623DDC3D7008C3F70 /* Main.storyboard in Resources */ = {isa = PBXBuildFile; fileRef = 846B2CF423DDC3D7008C3F70 /* Main.storyboard */; };
		846B2CF823DDC3D8008C3F70 /* Assets.xcassets in Resources */ = {isa = PBXBuildFile; fileRef = 846B2CF723DDC3D8008C3F70 /* Assets.xcassets */; };
		846B2CFB23DDC3D8008C3F70 /* LaunchScreen.storyboard in Resources */ = {isa = PBXBuildFile; fileRef = 846B2CF923DDC3D8008C3F70 /* LaunchScreen.storyboard */; };
		846B2D0623DDC3D8008C3F70 /* Controlling_the_keyboard___2_waysTests.swift in Sources */ = {isa = PBXBuildFile; fileRef = 846B2D0523DDC3D8008C3F70 /* Controlling_the_keyboard___2_waysTests.swift */; };
		846B2D1123DDC3D9008C3F70 /* Controlling_the_keyboard___2_waysUITests.swift in Sources */ = {isa = PBXBuildFile; fileRef = 846B2D1023DDC3D9008C3F70 /* Controlling_the_keyboard___2_waysUITests.swift */; };
/* End PBXBuildFile section */

/* Begin PBXContainerItemProxy section */
		846B2D0223DDC3D8008C3F70 /* PBXContainerItemProxy */ = {
			isa = PBXContainerItemProxy;
			containerPortal = 846B2CE323DDC3D7008C3F70 /* Project object */;
			proxyType = 1;
			remoteGlobalIDString = 846B2CEA23DDC3D7008C3F70;
			remoteInfo = "Controlling the keyboard - 2 ways";
		};
		846B2D0D23DDC3D9008C3F70 /* PBXContainerItemProxy */ = {
			isa = PBXContainerItemProxy;
			containerPortal = 846B2CE323DDC3D7008C3F70 /* Project object */;
			proxyType = 1;
			remoteGlobalIDString = 846B2CEA23DDC3D7008C3F70;
			remoteInfo = "Controlling the keyboard - 2 ways";
		};
/* End PBXContainerItemProxy section */

/* Begin PBXFileReference section */
		846B2CEB23DDC3D7008C3F70 /* Controlling the keyboard - 2 ways.app */ = {isa = PBXFileReference; explicitFileType = wrapper.application; includeInIndex = 0; path = "Controlling the keyboard - 2 ways.app"; sourceTree = BUILT_PRODUCTS_DIR; };
		846B2CEE23DDC3D7008C3F70 /* AppDelegate.swift */ = {isa = PBXFileReference; lastKnownFileType = sourcecode.swift; path = AppDelegate.swift; sourceTree = "<group>"; };
		846B2CF023DDC3D7008C3F70 /* SceneDelegate.swift */ = {isa = PBXFileReference; lastKnownFileType = sourcecode.swift; path = SceneDelegate.swift; sourceTree = "<group>"; };
		846B2CF223DDC3D7008C3F70 /* ViewController.swift */ = {isa = PBXFileReference; lastKnownFileType = sourcecode.swift; path = ViewController.swift; sourceTree = "<group>"; };
		846B2CF523DDC3D7008C3F70 /* Base */ = {isa = PBXFileReference; lastKnownFileType = file.storyboard; name = Base; path = Base.lproj/Main.storyboard; sourceTree = "<group>"; };
		846B2CF723DDC3D8008C3F70 /* Assets.xcassets */ = {isa = PBXFileReference; lastKnownFileType = folder.assetcatalog; path = Assets.xcassets; sourceTree = "<group>"; };
		846B2CFA23DDC3D8008C3F70 /* Base */ = {isa = PBXFileReference; lastKnownFileType = file.storyboard; name = Base; path = Base.lproj/LaunchScreen.storyboard; sourceTree = "<group>"; };
		846B2CFC23DDC3D8008C3F70 /* Info.plist */ = {isa = PBXFileReference; lastKnownFileType = text.plist.xml; path = Info.plist; sourceTree = "<group>"; };
		846B2D0123DDC3D8008C3F70 /* Controlling the keyboard - 2 waysTests.xctest */ = {isa = PBXFileReference; explicitFileType = wrapper.cfbundle; includeInIndex = 0; path = "Controlling the keyboard - 2 waysTests.xctest"; sourceTree = BUILT_PRODUCTS_DIR; };
		846B2D0523DDC3D8008C3F70 /* Controlling_the_keyboard___2_waysTests.swift */ = {isa = PBXFileReference; lastKnownFileType = sourcecode.swift; path = "Controlling_the_keyboard___2_waysTests.swift"; sourceTree = "<group>"; };
		846B2D0723DDC3D9008C3F70 /* Info.plist */ = {isa = PBXFileReference; lastKnownFileType = text.plist.xml; path = Info.plist; sourceTree = "<group>"; };
		846B2D0C23DDC3D9008C3F70 /* Controlling the keyboard - 2 waysUITests.xctest */ = {isa = PBXFileReference; explicitFileType = wrapper.cfbundle; includeInIndex = 0; path = "Controlling the keyboard - 2 waysUITests.xctest"; sourceTree = BUILT_PRODUCTS_DIR; };
		846B2D1023DDC3D9008C3F70 /* Controlling_the_keyboard___2_waysUITests.swift */ = {isa = PBXFileReference; lastKnownFileType = sourcecode.swift; path = "Controlling_the_keyboard___2_waysUITests.swift"; sourceTree = "<group>"; };
		846B2D1223DDC3D9008C3F70 /* Info.plist */ = {isa = PBXFileReference; lastKnownFileType = text.plist.xml; path = Info.plist; sourceTree = "<group>"; };
/* End PBXFileReference section */

/* Begin PBXFrameworksBuildPhase section */
		846B2CE823DDC3D7008C3F70 /* Frameworks */ = {
			isa = PBXFrameworksBuildPhase;
			buildActionMask = 2147483647;
			files = (
			);
			runOnlyForDeploymentPostprocessing = 0;
		};
		846B2CFE23DDC3D8008C3F70 /* Frameworks */ = {
			isa = PBXFrameworksBuildPhase;
			buildActionMask = 2147483647;
			files = (
			);
			runOnlyForDeploymentPostprocessing = 0;
		};
		846B2D0923DDC3D9008C3F70 /* Frameworks */ = {
			isa = PBXFrameworksBuildPhase;
			buildActionMask = 2147483647;
			files = (
			);
			runOnlyForDeploymentPostprocessing = 0;
		};
/* End PBXFrameworksBuildPhase section */

/* Begin PBXGroup section */
		846B2CE223DDC3D7008C3F70 = {
			isa = PBXGroup;
			children = (
				846B2CED23DDC3D7008C3F70 /* Controlling the keyboard - 2 ways */,
				846B2D0423DDC3D8008C3F70 /* Controlling the keyboard - 2 waysTests */,
				846B2D0F23DDC3D9008C3F70 /* Controlling the keyboard - 2 waysUITests */,
				846B2CEC23DDC3D7008C3F70 /* Products */,
			);
			sourceTree = "<group>";
		};
		846B2CEC23DDC3D7008C3F70 /* Products */ = {
			isa = PBXGroup;
			children = (
				846B2CEB23DDC3D7008C3F70 /* Controlling the keyboard - 2 ways.app */,
				846B2D0123DDC3D8008C3F70 /* Controlling the keyboard - 2 waysTests.xctest */,
				846B2D0C23DDC3D9008C3F70 /* Controlling the keyboard - 2 waysUITests.xctest */,
			);
			name = Products;
			sourceTree = "<group>";
		};
		846B2CED23DDC3D7008C3F70 /* Controlling the keyboard - 2 ways */ = {
			isa = PBXGroup;
			children = (
				846B2CEE23DDC3D7008C3F70 /* AppDelegate.swift */,
				846B2CF023DDC3D7008C3F70 /* SceneDelegate.swift */,
				846B2CF223DDC3D7008C3F70 /* ViewController.swift */,
				846B2CF423DDC3D7008C3F70 /* Main.storyboard */,
				846B2CF723DDC3D8008C3F70 /* Assets.xcassets */,
				846B2CF923DDC3D8008C3F70 /* LaunchScreen.storyboard */,
				846B2CFC23DDC3D8008C3F70 /* Info.plist */,
			);
			path = "Controlling the keyboard - 2 ways";
			sourceTree = "<group>";
		};
		846B2D0423DDC3D8008C3F70 /* Controlling the keyboard - 2 waysTests */ = {
			isa = PBXGroup;
			children = (
				846B2D0523DDC3D8008C3F70 /* Controlling_the_keyboard___2_waysTests.swift */,
				846B2D0723DDC3D9008C3F70 /* Info.plist */,
			);
			path = "Controlling the keyboard - 2 waysTests";
			sourceTree = "<group>";
		};
		846B2D0F23DDC3D9008C3F70 /* Controlling the keyboard - 2 waysUITests */ = {
			isa = PBXGroup;
			children = (
				846B2D1023DDC3D9008C3F70 /* Controlling_the_keyboard___2_waysUITests.swift */,
				846B2D1223DDC3D9008C3F70 /* Info.plist */,
			);
			path = "Controlling the keyboard - 2 waysUITests";
			sourceTree = "<group>";
		};
/* End PBXGroup section */

/* Begin PBXNativeTarget section */
		846B2CEA23DDC3D7008C3F70 /* Controlling the keyboard - 2 ways */ = {
			isa = PBXNativeTarget;
			buildConfigurationList = 846B2D1523DDC3D9008C3F70 /* Build configuration list for PBXNativeTarget "Controlling the keyboard - 2 ways" */;
			buildPhases = (
				846B2CE723DDC3D7008C3F70 /* Sources */,
				846B2CE823DDC3D7008C3F70 /* Frameworks */,
				846B2CE923DDC3D7008C3F70 /* Resources */,
			);
			buildRules = (
			);
			dependencies = (
			);
			name = "Controlling the keyboard - 2 ways";
			productName = "Controlling the keyboard - 2 ways";
			productReference = 846B2CEB23DDC3D7008C3F70 /* Controlling the keyboard - 2 ways.app */;
			productType = "com.apple.product-type.application";
		};
		846B2D0023DDC3D8008C3F70 /* Controlling the keyboard - 2 waysTests */ = {
			isa = PBXNativeTarget;
			buildConfigurationList = 846B2D1823DDC3D9008C3F70 /* Build configuration list for PBXNativeTarget "Controlling the keyboard - 2 waysTests" */;
			buildPhases = (
				846B2CFD23DDC3D8008C3F70 /* Sources */,
				846B2CFE23DDC3D8008C3F70 /* Frameworks */,
				846B2CFF23DDC3D8008C3F70 /* Resources */,
			);
			buildRules = (
			);
			dependencies = (
				846B2D0323DDC3D8008C3F70 /* PBXTargetDependency */,
			);
			name = "Controlling the keyboard - 2 waysTests";
			productName = "Controlling the keyboard - 2 waysTests";
			productReference = 846B2D0123DDC3D8008C3F70 /* Controlling the keyboard - 2 waysTests.xctest */;
			productType = "com.apple.product-type.bundle.unit-test";
		};
		846B2D0B23DDC3D9008C3F70 /* Controlling the keyboard - 2 waysUITests */ = {
			isa = PBXNativeTarget;
			buildConfigurationList = 846B2D1B23DDC3D9008C3F70 /* Build configuration list for PBXNativeTarget "Controlling the keyboard - 2 waysUITests" */;
			buildPhases = (
				846B2D0823DDC3D9008C3F70 /* Sources */,
				846B2D0923DDC3D9008C3F70 /* Frameworks */,
				846B2D0A23DDC3D9008C3F70 /* Resources */,
			);
			buildRules = (
			);
			dependencies = (
				846B2D0E23DDC3D9008C3F70 /* PBXTargetDependency */,
			);
			name = "Controlling the keyboard - 2 waysUITests";
			productName = "Controlling the keyboard - 2 waysUITests";
			productReference = 846B2D0C23DDC3D9008C3F70 /* Controlling the keyboard - 2 waysUITests.xctest */;
			productType = "com.apple.product-type.bundle.ui-testing";
		};
/* End PBXNativeTarget section */

/* Begin PBXProject section */
		846B2CE323DDC3D7008C3F70 /* Project object */ = {
			isa = PBXProject;
			attributes = {
				LastSwiftUpdateCheck = 1130;
				LastUpgradeCheck = 1130;
				ORGANIZATIONNAME = "AM Kirsch";
				TargetAttributes = {
					846B2CEA23DDC3D7008C3F70 = {
						CreatedOnToolsVersion = 11.3.1;
					};
					846B2D0023DDC3D8008C3F70 = {
						CreatedOnToolsVersion = 11.3.1;
						TestTargetID = 846B2CEA23DDC3D7008C3F70;
					};
					846B2D0B23DDC3D9008C3F70 = {
						CreatedOnToolsVersion = 11.3.1;
						TestTargetID = 846B2CEA23DDC3D7008C3F70;
					};
				};
			};
			buildConfigurationList = 846B2CE623DDC3D7008C3F70 /* Build configuration list for PBXProject "Controlling the keyboard - 2 ways" */;
			compatibilityVersion = "Xcode 9.3";
			developmentRegion = en;
			hasScannedForEncodings = 0;
			knownRegions = (
				en,
				Base,
			);
			mainGroup = 846B2CE223DDC3D7008C3F70;
			productRefGroup = 846B2CEC23DDC3D7008C3F70 /* Products */;
			projectDirPath = "";
			projectRoot = "";
			targets = (
				846B2CEA23DDC3D7008C3F70 /* Controlling the keyboard - 2 ways */,
				846B2D0023DDC3D8008C3F70 /* Controlling the keyboard - 2 waysTests */,
				846B2D0B23DDC3D9008C3F70 /* Controlling the keyboard - 2 waysUITests */,
			);
		};
/* End PBXProject section */

/* Begin PBXResourcesBuildPhase section */
		846B2CE923DDC3D7008C3F70 /* Resources */ = {
			isa = PBXResourcesBuildPhase;
			buildActionMask = 2147483647;
			files = (
				846B2CFB23DDC3D8008C3F70 /* LaunchScreen.storyboard in Resources */,
				846B2CF823DDC3D8008C3F70 /* Assets.xcassets in Resources */,
				846B2CF623DDC3D7008C3F70 /* Main.storyboard in Resources */,
			);
			runOnlyForDeploymentPostprocessing = 0;
		};
		846B2CFF23DDC3D8008C3F70 /* Resources */ = {
			isa = PBXResourcesBuildPhase;
			buildActionMask = 2147483647;
			files = (
			);
			runOnlyForDeploymentPostprocessing = 0;
		};
		846B2D0A23DDC3D9008C3F70 /* Resources */ = {
			isa = PBXResourcesBuildPhase;
			buildActionMask = 2147483647;
			files = (
			);
			runOnlyForDeploymentPostprocessing = 0;
		};
/* End PBXResourcesBuildPhase section */

/* Begin PBXSourcesBuildPhase section */
		846B2CE723DDC3D7008C3F70 /* Sources */ = {
			isa = PBXSourcesBuildPhase;
			buildActionMask = 2147483647;
			files = (
				846B2CF323DDC3D7008C3F70 /* ViewController.swift in Sources */,
				846B2CEF23DDC3D7008C3F70 /* AppDelegate.swift in Sources */,
				846B2CF123DDC3D7008C3F70 /* SceneDelegate.swift in Sources */,
			);
			runOnlyForDeploymentPostprocessing = 0;
		};
		846B2CFD23DDC3D8008C3F70 /* Sources */ = {
			isa = PBXSourcesBuildPhase;
			buildActionMask = 2147483647;
			files = (
				846B2D0623DDC3D8008C3F70 /* Controlling_the_keyboard___2_waysTests.swift in Sources */,
			);
			runOnlyForDeploymentPostprocessing = 0;
		};
		846B2D0823DDC3D9008C3F70 /* Sources */ = {
			isa = PBXSourcesBuildPhase;
			buildActionMask = 2147483647;
			files = (
				846B2D1123DDC3D9008C3F70 /* Controlling_the_keyboard___2_waysUITests.swift in Sources */,
			);
			runOnlyForDeploymentPostprocessing = 0;
		};
/* End PBXSourcesBuildPhase section */

/* Begin PBXTargetDependency section */
		846B2D0323DDC3D8008C3F70 /* PBXTargetDependency */ = {
			isa = PBXTargetDependency;
			target = 846B2CEA23DDC3D7008C3F70 /* Controlling the keyboard - 2 ways */;
			targetProxy = 846B2D0223DDC3D8008C3F70 /* PBXContainerItemProxy */;
		};
		846B2D0E23DDC3D9008C3F70 /* PBXTargetDependency */ = {
			isa = PBXTargetDependency;
			target = 846B2CEA23DDC3D7008C3F70 /* Controlling the keyboard - 2 ways */;
			targetProxy = 846B2D0D23DDC3D9008C3F70 /* PBXContainerItemProxy */;
		};
/* End PBXTargetDependency section */

/* Begin PBXVariantGroup section */
		846B2CF423DDC3D7008C3F70 /* Main.storyboard */ = {
			isa = PBXVariantGroup;
			children = (
				846B2CF523DDC3D7008C3F70 /* Base */,
			);
			name = Main.storyboard;
			sourceTree = "<group>";
		};
		846B2CF923DDC3D8008C3F70 /* LaunchScreen.storyboard */ = {
			isa = PBXVariantGroup;
			children = (
				846B2CFA23DDC3D8008C3F70 /* Base */,
			);
			name = LaunchScreen.storyboard;
			sourceTree = "<group>";
		};
/* End PBXVariantGroup section */

/* Begin XCBuildConfiguration section */
		846B2D1323DDC3D9008C3F70 /* Debug */ = {
			isa = XCBuildConfiguration;
			buildSettings = {
				ALWAYS_SEARCH_USER_PATHS = NO;
				CLANG_ANALYZER_NONNULL = YES;
				CLANG_ANALYZER_NUMBER_OBJECT_CONVERSION = YES_AGGRESSIVE;
				CLANG_CXX_LANGUAGE_STANDARD = "gnu++14";
				CLANG_CXX_LIBRARY = "libc++";
				CLANG_ENABLE_MODULES = YES;
				CLANG_ENABLE_OBJC_ARC = YES;
				CLANG_ENABLE_OBJC_WEAK = YES;
				CLANG_WARN_BLOCK_CAPTURE_AUTORELEASING = YES;
				CLANG_WARN_BOOL_CONVERSION = YES;
				CLANG_WARN_COMMA = YES;
				CLANG_WARN_CONSTANT_CONVERSION = YES;
				CLANG_WARN_DEPRECATED_OBJC_IMPLEMENTATIONS = YES;
				CLANG_WARN_DIRECT_OBJC_ISA_USAGE = YES_ERROR;
				CLANG_WARN_DOCUMENTATION_COMMENTS = YES;
				CLANG_WARN_EMPTY_BODY = YES;
				CLANG_WARN_ENUM_CONVERSION = YES;
				CLANG_WARN_INFINITE_RECURSION = YES;
				CLANG_WARN_INT_CONVERSION = YES;
				CLANG_WARN_NON_LITERAL_NULL_CONVERSION = YES;
				CLANG_WARN_OBJC_IMPLICIT_RETAIN_SELF = YES;
				CLANG_WARN_OBJC_LITERAL_CONVERSION = YES;
				CLANG_WARN_OBJC_ROOT_CLASS = YES_ERROR;
				CLANG_WARN_RANGE_LOOP_ANALYSIS = YES;
				CLANG_WARN_STRICT_PROTOTYPES = YES;
				CLANG_WARN_SUSPICIOUS_MOVE = YES;
				CLANG_WARN_UNGUARDED_AVAILABILITY = YES_AGGRESSIVE;
				CLANG_WARN_UNREACHABLE_CODE = YES;
				CLANG_WARN__DUPLICATE_METHOD_MATCH = YES;
				COPY_PHASE_STRIP = NO;
				DEBUG_INFORMATION_FORMAT = dwarf;
				ENABLE_STRICT_OBJC_MSGSEND = YES;
				ENABLE_TESTABILITY = YES;
				GCC_C_LANGUAGE_STANDARD = gnu11;
				GCC_DYNAMIC_NO_PIC = NO;
				GCC_NO_COMMON_BLOCKS = YES;
				GCC_OPTIMIZATION_LEVEL = 0;
				GCC_PREPROCESSOR_DEFINITIONS = (
					"DEBUG=1",
					"$(inherited)",
				);
				GCC_WARN_64_TO_32_BIT_CONVERSION = YES;
				GCC_WARN_ABOUT_RETURN_TYPE = YES_ERROR;
				GCC_WARN_UNDECLARED_SELECTOR = YES;
				GCC_WARN_UNINITIALIZED_AUTOS = YES_AGGRESSIVE;
				GCC_WARN_UNUSED_FUNCTION = YES;
				GCC_WARN_UNUSED_VARIABLE = YES;
				IPHONEOS_DEPLOYMENT_TARGET = 13.2;
				MTL_ENABLE_DEBUG_INFO = INCLUDE_SOURCE;
				MTL_FAST_MATH = YES;
				ONLY_ACTIVE_ARCH = YES;
				SDKROOT = iphoneos;
				SWIFT_ACTIVE_COMPILATION_CONDITIONS = DEBUG;
				SWIFT_OPTIMIZATION_LEVEL = "-Onone";
			};
			name = Debug;
		};
		846B2D1423DDC3D9008C3F70 /* Release */ = {
			isa = XCBuildConfiguration;
			buildSettings = {
				ALWAYS_SEARCH_USER_PATHS = NO;
				CLANG_ANALYZER_NONNULL = YES;
				CLANG_ANALYZER_NUMBER_OBJECT_CONVERSION = YES_AGGRESSIVE;
				CLANG_CXX_LANGUAGE_STANDARD = "gnu++14";
				CLANG_CXX_LIBRARY = "libc++";
				CLANG_ENABLE_MODULES = YES;
				CLANG_ENABLE_OBJC_ARC = YES;
				CLANG_ENABLE_OBJC_WEAK = YES;
				CLANG_WARN_BLOCK_CAPTURE_AUTORELEASING = YES;
				CLANG_WARN_BOOL_CONVERSION = YES;
				CLANG_WARN_COMMA = YES;
				CLANG_WARN_CONSTANT_CONVERSION = YES;
				CLANG_WARN_DEPRECATED_OBJC_IMPLEMENTATIONS = YES;
				CLANG_WARN_DIRECT_OBJC_ISA_USAGE = YES_ERROR;
				CLANG_WARN_DOCUMENTATION_COMMENTS = YES;
				CLANG_WARN_EMPTY_BODY = YES;
				CLANG_WARN_ENUM_CONVERSION = YES;
				CLANG_WARN_INFINITE_RECURSION = YES;
				CLANG_WARN_INT_CONVERSION = YES;
				CLANG_WARN_NON_LITERAL_NULL_CONVERSION = YES;
				CLANG_WARN_OBJC_IMPLICIT_RETAIN_SELF = YES;
				CLANG_WARN_OBJC_LITERAL_CONVERSION = YES;
				CLANG_WARN_OBJC_ROOT_CLASS = YES_ERROR;
				CLANG_WARN_RANGE_LOOP_ANALYSIS = YES;
				CLANG_WARN_STRICT_PROTOTYPES = YES;
				CLANG_WARN_SUSPICIOUS_MOVE = YES;
				CLANG_WARN_UNGUARDED_AVAILABILITY = YES_AGGRESSIVE;
				CLANG_WARN_UNREACHABLE_CODE = YES;
				CLANG_WARN__DUPLICATE_METHOD_MATCH = YES;
				COPY_PHASE_STRIP = NO;
				DEBUG_INFORMATION_FORMAT = "dwarf-with-dsym";
				ENABLE_NS_ASSERTIONS = NO;
				ENABLE_STRICT_OBJC_MSGSEND = YES;
				GCC_C_LANGUAGE_STANDARD = gnu11;
				GCC_NO_COMMON_BLOCKS = YES;
				GCC_WARN_64_TO_32_BIT_CONVERSION = YES;
				GCC_WARN_ABOUT_RETURN_TYPE = YES_ERROR;
				GCC_WARN_UNDECLARED_SELECTOR = YES;
				GCC_WARN_UNINITIALIZED_AUTOS = YES_AGGRESSIVE;
				GCC_WARN_UNUSED_FUNCTION = YES;
				GCC_WARN_UNUSED_VARIABLE = YES;
				IPHONEOS_DEPLOYMENT_TARGET = 13.2;
				MTL_ENABLE_DEBUG_INFO = NO;
				MTL_FAST_MATH = YES;
				SDKROOT = iphoneos;
				SWIFT_COMPILATION_MODE = wholemodule;
				SWIFT_OPTIMIZATION_LEVEL = "-O";
				VALIDATE_PRODUCT = YES;
			};
			name = Release;
		};
		846B2D1623DDC3D9008C3F70 /* Debug */ = {
			isa = XCBuildConfiguration;
			buildSettings = {
				ASSETCATALOG_COMPILER_APPICON_NAME = AppIcon;
				CODE_SIGN_STYLE = Automatic;
				INFOPLIST_FILE = "Controlling the keyboard - 2 ways/Info.plist";
				LD_RUNPATH_SEARCH_PATHS = (
					"$(inherited)",
					"@executable_path/Frameworks",
				);
				PRODUCT_BUNDLE_IDENTIFIER = "com.amkirsch.Controlling-the-keyboard---2-ways";
				PRODUCT_NAME = "$(TARGET_NAME)";
				SWIFT_VERSION = 5.0;
				TARGETED_DEVICE_FAMILY = "1,2";
			};
			name = Debug;
		};
		846B2D1723DDC3D9008C3F70 /* Release */ = {
			isa = XCBuildConfiguration;
			buildSettings = {
				ASSETCATALOG_COMPILER_APPICON_NAME = AppIcon;
				CODE_SIGN_STYLE = Automatic;
				INFOPLIST_FILE = "Controlling the keyboard - 2 ways/Info.plist";
				LD_RUNPATH_SEARCH_PATHS = (
					"$(inherited)",
					"@executable_path/Frameworks",
				);
				PRODUCT_BUNDLE_IDENTIFIER = "com.amkirsch.Controlling-the-keyboard---2-ways";
				PRODUCT_NAME = "$(TARGET_NAME)";
				SWIFT_VERSION = 5.0;
				TARGETED_DEVICE_FAMILY = "1,2";
			};
			name = Release;
		};
		846B2D1923DDC3D9008C3F70 /* Debug */ = {
			isa = XCBuildConfiguration;
			buildSettings = {
				ALWAYS_EMBED_SWIFT_STANDARD_LIBRARIES = YES;
				BUNDLE_LOADER = "$(TEST_HOST)";
				CODE_SIGN_STYLE = Automatic;
				INFOPLIST_FILE = "Controlling the keyboard - 2 waysTests/Info.plist";
				IPHONEOS_DEPLOYMENT_TARGET = 13.2;
				LD_RUNPATH_SEARCH_PATHS = (
					"$(inherited)",
					"@executable_path/Frameworks",
					"@loader_path/Frameworks",
				);
				PRODUCT_BUNDLE_IDENTIFIER = "com.amkirsch.Controlling-the-keyboard---2-waysTests";
				PRODUCT_NAME = "$(TARGET_NAME)";
				SWIFT_VERSION = 5.0;
				TARGETED_DEVICE_FAMILY = "1,2";
				TEST_HOST = "$(BUILT_PRODUCTS_DIR)/Controlling the keyboard - 2 ways.app/Controlling the keyboard - 2 ways";
			};
			name = Debug;
		};
		846B2D1A23DDC3D9008C3F70 /* Release */ = {
			isa = XCBuildConfiguration;
			buildSettings = {
				ALWAYS_EMBED_SWIFT_STANDARD_LIBRARIES = YES;
				BUNDLE_LOADER = "$(TEST_HOST)";
				CODE_SIGN_STYLE = Automatic;
				INFOPLIST_FILE = "Controlling the keyboard - 2 waysTests/Info.plist";
				IPHONEOS_DEPLOYMENT_TARGET = 13.2;
				LD_RUNPATH_SEARCH_PATHS = (
					"$(inherited)",
					"@executable_path/Frameworks",
					"@loader_path/Frameworks",
				);
				PRODUCT_BUNDLE_IDENTIFIER = "com.amkirsch.Controlling-the-keyboard---2-waysTests";
				PRODUCT_NAME = "$(TARGET_NAME)";
				SWIFT_VERSION = 5.0;
				TARGETED_DEVICE_FAMILY = "1,2";
				TEST_HOST = "$(BUILT_PRODUCTS_DIR)/Controlling the keyboard - 2 ways.app/Controlling the keyboard - 2 ways";
			};
			name = Release;
		};
		846B2D1C23DDC3D9008C3F70 /* Debug */ = {
			isa = XCBuildConfiguration;
			buildSettings = {
				ALWAYS_EMBED_SWIFT_STANDARD_LIBRARIES = YES;
				CODE_SIGN_STYLE = Automatic;
				INFOPLIST_FILE = "Controlling the keyboard - 2 waysUITests/Info.plist";
				LD_RUNPATH_SEARCH_PATHS = (
					"$(inherited)",
					"@executable_path/Frameworks",
					"@loader_path/Frameworks",
				);
				PRODUCT_BUNDLE_IDENTIFIER = "com.amkirsch.Controlling-the-keyboard---2-waysUITests";
				PRODUCT_NAME = "$(TARGET_NAME)";
				SWIFT_VERSION = 5.0;
				TARGETED_DEVICE_FAMILY = "1,2";
				TEST_TARGET_NAME = "Controlling the keyboard - 2 ways";
			};
			name = Debug;
		};
		846B2D1D23DDC3D9008C3F70 /* Release */ = {
			isa = XCBuildConfiguration;
			buildSettings = {
				ALWAYS_EMBED_SWIFT_STANDARD_LIBRARIES = YES;
				CODE_SIGN_STYLE = Automatic;
				INFOPLIST_FILE = "Controlling the keyboard - 2 waysUITests/Info.plist";
				LD_RUNPATH_SEARCH_PATHS = (
					"$(inherited)",
					"@executable_path/Frameworks",
					"@loader_path/Frameworks",
				);
				PRODUCT_BUNDLE_IDENTIFIER = "com.amkirsch.Controlling-the-keyboard---2-waysUITests";
				PRODUCT_NAME = "$(TARGET_NAME)";
				SWIFT_VERSION = 5.0;
				TARGETED_DEVICE_FAMILY = "1,2";
				TEST_TARGET_NAME = "Controlling the keyboard - 2 ways";
			};
			name = Release;
		};
/* End XCBuildConfiguration section */

/* Begin XCConfigurationList section */
		846B2CE623DDC3D7008C3F70 /* Build configuration list for PBXProject "Controlling the keyboard - 2 ways" */ = {
			isa = XCConfigurationList;
			buildConfigurations = (
				846B2D1323DDC3D9008C3F70 /* Debug */,
				846B2D1423DDC3D9008C3F70 /* Release */,
			);
			defaultConfigurationIsVisible = 0;
			defaultConfigurationName = Release;
		};
		846B2D1523DDC3D9008C3F70 /* Build configuration list for PBXNativeTarget "Controlling the keyboard - 2 ways" */ = {
			isa = XCConfigurationList;
			buildConfigurations = (
				846B2D1623DDC3D9008C3F70 /* Debug */,
				846B2D1723DDC3D9008C3F70 /* Release */,
			);
			defaultConfigurationIsVisible = 0;
			defaultConfigurationName = Release;
		};
		846B2D1823DDC3D9008C3F70 /* Build configuration list for PBXNativeTarget "Controlling the keyboard - 2 waysTests" */ = {
			isa = XCConfigurationList;
			buildConfigurations = (
				846B2D1923DDC3D9008C3F70 /* Debug */,
				846B2D1A23DDC3D9008C3F70 /* Release */,
			);
			defaultConfigurationIsVisible = 0;
			defaultConfigurationName = Release;
		};
		846B2D1B23DDC3D9008C3F70 /* Build configuration list for PBXNativeTarget "Controlling the keyboard - 2 waysUITests" */ = {
			isa = XCConfigurationList;
			buildConfigurations = (
				846B2D1C23DDC3D9008C3F70 /* Debug */,
				846B2D1D23DDC3D9008C3F70 /* Release */,
			);
			defaultConfigurationIsVisible = 0;
			defaultConfigurationName = Release;
		};
/* End XCConfigurationList section */
	};
	rootObject = 846B2CE323DDC3D7008C3F70 /* Project object */;
}
